PODS:
  - QuickBlox (2.17.4)
  - Quickblox-WebRTC (2.7.5):
    - QuickBlox (>= 2.7.5)

DEPENDENCIES:
  - QuickBlox (~> 2.17.4)
  - Quickblox-WebRTC (~> 2.7.4)

SPEC REPOS:
  trunk:
    - QuickBlox
    - Quickblox-WebRTC

SPEC CHECKSUMS:
  QuickBlox: 992be26bc127313991a1337dfd98c9359832c147
  Quickblox-WebRTC: 6be5253719fc8b747408fdac53985d04d40f3172

PODFILE CHECKSUM: 6055318913ffd243a1d9ccb545d4c7ccc45cb7ce

COCOAPODS: 1.9.1
