PODS:
  - QuickBlox (2.17.4)
  - Quickblox-WebRTC (2.7.5):
    - QuickBlox (>= 2.7.5)

DEPENDENCIES:
  - QuickBlox (~> 2.17.4)
  - Quickblox-WebRTC (~> 2.7.4)

SPEC REPOS:
  https://github.com/cocoapods/specs.git:
    - QuickBlox
    - Quickblox-WebRTC

SPEC CHECKSUMS:
  QuickBlox: 992be26bc127313991a1337dfd98c9359832c147
  Quickblox-WebRTC: 6be5253719fc8b747408fdac53985d04d40f3172

PODFILE CHECKSUM: a87b53046cc0bf970bd7a1c292bb070e5c4f03fa

COCOAPODS: 1.7.2
