// !$*UTF8*$!
{
	archiveVersion = 1;
	classes = {
	};
	objectVersion = 51;
	objects = {

/* Begin PBXBuildFile section */
		1F907606A240677521057708 /* Pods_FitLive.framework in Frameworks */ = {isa = PBXBuildFile; fileRef = D05218FB288B5373553FAE9D /* Pods_FitLive.framework */; };
		60318F362481182A00C994D3 /* Networking.swift in Sources */ = {isa = PBXBuildFile; fileRef = 60318F352481182A00C994D3 /* Networking.swift */; };
		60318F382481185600C994D3 /* Networking+Auth.swift in Sources */ = {isa = PBXBuildFile; fileRef = 60318F372481185600C994D3 /* Networking+Auth.swift */; };
		603648042482A3F100BE4990 /* GoogleService-Info.plist in Resources */ = {isa = PBXBuildFile; fileRef = 603648032482A3F000BE4990 /* GoogleService-Info.plist */; };
		603648062482AFC300BE4990 /* Networking+Firebase.swift in Sources */ = {isa = PBXBuildFile; fileRef = 603648052482AFC300BE4990 /* Networking+Firebase.swift */; };
		6065E4262481191D0025D4F7 /* Networking+User.swift in Sources */ = {isa = PBXBuildFile; fileRef = 6065E4252481191D0025D4F7 /* Networking+User.swift */; };
		6065E42B248119C10025D4F7 /* General.swift in Sources */ = {isa = PBXBuildFile; fileRef = 6065E42A248119C10025D4F7 /* General.swift */; };
		6065E42E248133950025D4F7 /* Result.swift in Sources */ = {isa = PBXBuildFile; fileRef = 6065E42D248133950025D4F7 /* Result.swift */; };
		6065E43024816AF40025D4F7 /* Pins.swift in Sources */ = {isa = PBXBuildFile; fileRef = 6065E42F24816AF40025D4F7 /* Pins.swift */; };
		6083600824807C0000BA0CB5 /* AppDelegate.swift in Sources */ = {isa = PBXBuildFile; fileRef = 6083600724807C0000BA0CB5 /* AppDelegate.swift */; };
		6083601424807C0200BA0CB5 /* LaunchScreen.storyboard in Resources */ = {isa = PBXBuildFile; fileRef = 6083601224807C0200BA0CB5 /* LaunchScreen.storyboard */; };
		60B7A3D62482D7B10057086C /* Networking+VideoChatAPI.swift in Sources */ = {isa = PBXBuildFile; fileRef = 60B7A3D52482D7B10057086C /* Networking+VideoChatAPI.swift */; };
		60B7A3D82482E2700057086C /* CurrentUserManager.swift in Sources */ = {isa = PBXBuildFile; fileRef = 60B7A3D72482E2700057086C /* CurrentUserManager.swift */; };
		60B7A3DA248308250057086C /* LandingPage.swift in Sources */ = {isa = PBXBuildFile; fileRef = 60B7A3D9248308250057086C /* LandingPage.swift */; };
		60B7A3DC24830B120057086C /* Fonts.swift in Sources */ = {isa = PBXBuildFile; fileRef = 60B7A3DB24830B120057086C /* Fonts.swift */; };
		60B7A3DE24830FC00057086C /* Colors.swift in Sources */ = {isa = PBXBuildFile; fileRef = 60B7A3DD24830FC00057086C /* Colors.swift */; };
		60C9E2572481EECF008C95C9 /* LiveChatBrain.swift in Sources */ = {isa = PBXBuildFile; fileRef = 60C9E2562481EECE008C95C9 /* LiveChatBrain.swift */; };
		60C9E2592481F1CF008C95C9 /* UserDefaultsProperty.swift in Sources */ = {isa = PBXBuildFile; fileRef = 60C9E2582481F1CF008C95C9 /* UserDefaultsProperty.swift */; };
		C162449B2481DAD50057B0D5 /* Assets.xcassets in Resources */ = {isa = PBXBuildFile; fileRef = C162449A2481DAD40057B0D5 /* Assets.xcassets */; };
		C17651D9248208850081FB03 /* Karla-Italic.ttf in Resources */ = {isa = PBXBuildFile; fileRef = C17651D5248208850081FB03 /* Karla-Italic.ttf */; };
		C17651DA248208850081FB03 /* Karla-BoldItalic.ttf in Resources */ = {isa = PBXBuildFile; fileRef = C17651D6248208850081FB03 /* Karla-BoldItalic.ttf */; };
		C17651DB248208850081FB03 /* Karla-Regular.ttf in Resources */ = {isa = PBXBuildFile; fileRef = C17651D7248208850081FB03 /* Karla-Regular.ttf */; };
		C17651DC248208850081FB03 /* Karla-Bold.ttf in Resources */ = {isa = PBXBuildFile; fileRef = C17651D8248208850081FB03 /* Karla-Bold.ttf */; };
		C1769A14248224A600A71DAE /* Main.storyboard in Resources */ = {isa = PBXBuildFile; fileRef = C1769A13248224A600A71DAE /* Main.storyboard */; };
		C1769A1624823B3500A71DAE /* LoginViewController.swift in Sources */ = {isa = PBXBuildFile; fileRef = C1769A1524823B3500A71DAE /* LoginViewController.swift */; };
		C1769A1824823C4A00A71DAE /* SignUpViewController.swift in Sources */ = {isa = PBXBuildFile; fileRef = C1769A1724823C4A00A71DAE /* SignUpViewController.swift */; };
		C17BFE7424825FD2003BC4E2 /* MyProfileViewController.swift in Sources */ = {isa = PBXBuildFile; fileRef = C17BFE7324825FD2003BC4E2 /* MyProfileViewController.swift */; };
		C17BFE7624825FEA003BC4E2 /* OtherProfileViewController.swift in Sources */ = {isa = PBXBuildFile; fileRef = C17BFE7524825FEA003BC4E2 /* OtherProfileViewController.swift */; };
		C17BFE782482B66C003BC4E2 /* icons8-end-call-50.png in Resources */ = {isa = PBXBuildFile; fileRef = C17BFE772482B66B003BC4E2 /* icons8-end-call-50.png */; };
		C1DCA3F3248247EC00EF6696 /* FitBuddy.swift in Sources */ = {isa = PBXBuildFile; fileRef = C1DCA3F2248247EC00EF6696 /* FitBuddy.swift */; };
		C1DCA3F5248248BA00EF6696 /* FitBudyViewController.swift in Sources */ = {isa = PBXBuildFile; fileRef = C1DCA3F4248248BA00EF6696 /* FitBudyViewController.swift */; };
		C1DCA3F9248252D600EF6696 /* BuddyCell.swift in Sources */ = {isa = PBXBuildFile; fileRef = C1DCA3F7248252D600EF6696 /* BuddyCell.swift */; };
		C1DCA3FA248252D600EF6696 /* BuddyCell.xib in Resources */ = {isa = PBXBuildFile; fileRef = C1DCA3F8248252D600EF6696 /* BuddyCell.xib */; };
/* End PBXBuildFile section */

/* Begin PBXFileReference section */
		4F84DE1D67ED251EB1577E1A /* Pods-FitLive.release.xcconfig */ = {isa = PBXFileReference; includeInIndex = 1; lastKnownFileType = text.xcconfig; name = "Pods-FitLive.release.xcconfig"; path = "Target Support Files/Pods-FitLive/Pods-FitLive.release.xcconfig"; sourceTree = "<group>"; };
		60318F352481182A00C994D3 /* Networking.swift */ = {isa = PBXFileReference; lastKnownFileType = sourcecode.swift; path = Networking.swift; sourceTree = "<group>"; };
		60318F372481185600C994D3 /* Networking+Auth.swift */ = {isa = PBXFileReference; lastKnownFileType = sourcecode.swift; path = "Networking+Auth.swift"; sourceTree = "<group>"; };
		603648032482A3F000BE4990 /* GoogleService-Info.plist */ = {isa = PBXFileReference; fileEncoding = 4; lastKnownFileType = text.plist.xml; path = "GoogleService-Info.plist"; sourceTree = "<group>"; };
		603648052482AFC300BE4990 /* Networking+Firebase.swift */ = {isa = PBXFileReference; lastKnownFileType = sourcecode.swift; path = "Networking+Firebase.swift"; sourceTree = "<group>"; };
		6065E4252481191D0025D4F7 /* Networking+User.swift */ = {isa = PBXFileReference; lastKnownFileType = sourcecode.swift; path = "Networking+User.swift"; sourceTree = "<group>"; };
		6065E42A248119C10025D4F7 /* General.swift */ = {isa = PBXFileReference; lastKnownFileType = sourcecode.swift; path = General.swift; sourceTree = "<group>"; };
		6065E42D248133950025D4F7 /* Result.swift */ = {isa = PBXFileReference; lastKnownFileType = sourcecode.swift; path = Result.swift; sourceTree = "<group>"; };
		6065E42F24816AF40025D4F7 /* Pins.swift */ = {isa = PBXFileReference; lastKnownFileType = sourcecode.swift; path = Pins.swift; sourceTree = "<group>"; };
		6083600424807C0000BA0CB5 /* FitLive.app */ = {isa = PBXFileReference; explicitFileType = wrapper.application; includeInIndex = 0; path = FitLive.app; sourceTree = BUILT_PRODUCTS_DIR; };
		6083600724807C0000BA0CB5 /* AppDelegate.swift */ = {isa = PBXFileReference; lastKnownFileType = sourcecode.swift; path = AppDelegate.swift; sourceTree = "<group>"; };
		6083601324807C0200BA0CB5 /* Base */ = {isa = PBXFileReference; lastKnownFileType = file.storyboard; name = Base; path = Base.lproj/LaunchScreen.storyboard; sourceTree = "<group>"; };
		6083601524807C0200BA0CB5 /* Info.plist */ = {isa = PBXFileReference; lastKnownFileType = text.plist.xml; path = Info.plist; sourceTree = "<group>"; };
		60B7A3D52482D7B10057086C /* Networking+VideoChatAPI.swift */ = {isa = PBXFileReference; lastKnownFileType = sourcecode.swift; path = "Networking+VideoChatAPI.swift"; sourceTree = "<group>"; };
		60B7A3D72482E2700057086C /* CurrentUserManager.swift */ = {isa = PBXFileReference; lastKnownFileType = sourcecode.swift; path = CurrentUserManager.swift; sourceTree = "<group>"; };
		60B7A3D9248308250057086C /* LandingPage.swift */ = {isa = PBXFileReference; lastKnownFileType = sourcecode.swift; path = LandingPage.swift; sourceTree = "<group>"; };
		60B7A3DB24830B120057086C /* Fonts.swift */ = {isa = PBXFileReference; lastKnownFileType = sourcecode.swift; path = Fonts.swift; sourceTree = "<group>"; };
		60B7A3DD24830FC00057086C /* Colors.swift */ = {isa = PBXFileReference; lastKnownFileType = sourcecode.swift; path = Colors.swift; sourceTree = "<group>"; };
		60C9E2562481EECE008C95C9 /* LiveChatBrain.swift */ = {isa = PBXFileReference; lastKnownFileType = sourcecode.swift; path = LiveChatBrain.swift; sourceTree = "<group>"; };
		60C9E2582481F1CF008C95C9 /* UserDefaultsProperty.swift */ = {isa = PBXFileReference; lastKnownFileType = sourcecode.swift; path = UserDefaultsProperty.swift; sourceTree = "<group>"; };
		C162449A2481DAD40057B0D5 /* Assets.xcassets */ = {isa = PBXFileReference; lastKnownFileType = folder.assetcatalog; path = Assets.xcassets; sourceTree = "<group>"; };
		C17651D5248208850081FB03 /* Karla-Italic.ttf */ = {isa = PBXFileReference; lastKnownFileType = file; path = "Karla-Italic.ttf"; sourceTree = "<group>"; };
		C17651D6248208850081FB03 /* Karla-BoldItalic.ttf */ = {isa = PBXFileReference; lastKnownFileType = file; path = "Karla-BoldItalic.ttf"; sourceTree = "<group>"; };
		C17651D7248208850081FB03 /* Karla-Regular.ttf */ = {isa = PBXFileReference; lastKnownFileType = file; path = "Karla-Regular.ttf"; sourceTree = "<group>"; };
		C17651D8248208850081FB03 /* Karla-Bold.ttf */ = {isa = PBXFileReference; lastKnownFileType = file; path = "Karla-Bold.ttf"; sourceTree = "<group>"; };
		C1769A13248224A600A71DAE /* Main.storyboard */ = {isa = PBXFileReference; lastKnownFileType = file.storyboard; path = Main.storyboard; sourceTree = "<group>"; };
		C1769A1524823B3500A71DAE /* LoginViewController.swift */ = {isa = PBXFileReference; lastKnownFileType = sourcecode.swift; path = LoginViewController.swift; sourceTree = "<group>"; };
		C1769A1724823C4A00A71DAE /* SignUpViewController.swift */ = {isa = PBXFileReference; lastKnownFileType = sourcecode.swift; path = SignUpViewController.swift; sourceTree = "<group>"; };
		C17BFE7324825FD2003BC4E2 /* MyProfileViewController.swift */ = {isa = PBXFileReference; lastKnownFileType = sourcecode.swift; path = MyProfileViewController.swift; sourceTree = "<group>"; };
		C17BFE7524825FEA003BC4E2 /* OtherProfileViewController.swift */ = {isa = PBXFileReference; lastKnownFileType = sourcecode.swift; path = OtherProfileViewController.swift; sourceTree = "<group>"; };
		C17BFE772482B66B003BC4E2 /* icons8-end-call-50.png */ = {isa = PBXFileReference; lastKnownFileType = image.png; path = "icons8-end-call-50.png"; sourceTree = "<group>"; };
		C1DCA3F2248247EC00EF6696 /* FitBuddy.swift */ = {isa = PBXFileReference; lastKnownFileType = sourcecode.swift; path = FitBuddy.swift; sourceTree = "<group>"; };
		C1DCA3F4248248BA00EF6696 /* FitBudyViewController.swift */ = {isa = PBXFileReference; lastKnownFileType = sourcecode.swift; path = FitBudyViewController.swift; sourceTree = "<group>"; tabWidth = 4; usesTabs = 1; };
		C1DCA3F7248252D600EF6696 /* BuddyCell.swift */ = {isa = PBXFileReference; indentWidth = 5; lastKnownFileType = sourcecode.swift; path = BuddyCell.swift; sourceTree = "<group>"; tabWidth = 7; };
		C1DCA3F8248252D600EF6696 /* BuddyCell.xib */ = {isa = PBXFileReference; lastKnownFileType = file.xib; path = BuddyCell.xib; sourceTree = "<group>"; };
		D05218FB288B5373553FAE9D /* Pods_FitLive.framework */ = {isa = PBXFileReference; explicitFileType = wrapper.framework; includeInIndex = 0; path = Pods_FitLive.framework; sourceTree = BUILT_PRODUCTS_DIR; };
		EE6197963E6A7943F6FBA813 /* Pods-FitLive.debug.xcconfig */ = {isa = PBXFileReference; includeInIndex = 1; lastKnownFileType = text.xcconfig; name = "Pods-FitLive.debug.xcconfig"; path = "Target Support Files/Pods-FitLive/Pods-FitLive.debug.xcconfig"; sourceTree = "<group>"; };
/* End PBXFileReference section */

/* Begin PBXFrameworksBuildPhase section */
		6083600124807C0000BA0CB5 /* Frameworks */ = {
			isa = PBXFrameworksBuildPhase;
			buildActionMask = 2147483647;
			files = (
				1F907606A240677521057708 /* Pods_FitLive.framework in Frameworks */,
			);
			runOnlyForDeploymentPostprocessing = 0;
		};
/* End PBXFrameworksBuildPhase section */

/* Begin PBXGroup section */
		48AB3BA1A88680B19D127256 /* Frameworks */ = {
			isa = PBXGroup;
			children = (
				D05218FB288B5373553FAE9D /* Pods_FitLive.framework */,
			);
			name = Frameworks;
			sourceTree = "<group>";
		};
		60318F342481180E00C994D3 /* Networking */ = {
			isa = PBXGroup;
			children = (
				60318F352481182A00C994D3 /* Networking.swift */,
				60318F372481185600C994D3 /* Networking+Auth.swift */,
				6065E4252481191D0025D4F7 /* Networking+User.swift */,
				603648052482AFC300BE4990 /* Networking+Firebase.swift */,
				60B7A3D52482D7B10057086C /* Networking+VideoChatAPI.swift */,
			);
			path = Networking;
			sourceTree = "<group>";
		};
		6034FA86248100A20087BD20 /* SupportingFiles */ = {
			isa = PBXGroup;
			children = (
				6083601224807C0200BA0CB5 /* LaunchScreen.storyboard */,
				C162449A2481DAD40057B0D5 /* Assets.xcassets */,
				C17BFE772482B66B003BC4E2 /* icons8-end-call-50.png */,
				6083601524807C0200BA0CB5 /* Info.plist */,
				603648032482A3F000BE4990 /* GoogleService-Info.plist */,
				60B7A3DD24830FC00057086C /* Colors.swift */,
			);
			path = SupportingFiles;
			sourceTree = "<group>";
		};
		6065E4272481196F0025D4F7 /* Helpers */ = {
			isa = PBXGroup;
			children = (
				6065E42C2481338A0025D4F7 /* Extensions */,
				6065E42A248119C10025D4F7 /* General.swift */,
				6065E42F24816AF40025D4F7 /* Pins.swift */,
				C1DCA3F2248247EC00EF6696 /* FitBuddy.swift */,
				60C9E2582481F1CF008C95C9 /* UserDefaultsProperty.swift */,
			);
			path = Helpers;
			sourceTree = "<group>";
		};
		6065E42C2481338A0025D4F7 /* Extensions */ = {
			isa = PBXGroup;
			children = (
				6065E42D248133950025D4F7 /* Result.swift */,
			);
			path = Extensions;
			sourceTree = "<group>";
		};
		60835FFB24807C0000BA0CB5 = {
			isa = PBXGroup;
			children = (
				6083600624807C0000BA0CB5 /* FitLive */,
				6083600524807C0000BA0CB5 /* Products */,
				672704A7A7A08735464BFDFD /* Pods */,
				48AB3BA1A88680B19D127256 /* Frameworks */,
			);
			sourceTree = "<group>";
		};
		6083600524807C0000BA0CB5 /* Products */ = {
			isa = PBXGroup;
			children = (
				6083600424807C0000BA0CB5 /* FitLive.app */,
			);
			name = Products;
			sourceTree = "<group>";
		};
		6083600624807C0000BA0CB5 /* FitLive */ = {
			isa = PBXGroup;
			children = (
				6083600724807C0000BA0CB5 /* AppDelegate.swift */,
				C1769A13248224A600A71DAE /* Main.storyboard */,
				C1DCA3F7248252D600EF6696 /* BuddyCell.swift */,
				C1DCA3F8248252D600EF6696 /* BuddyCell.xib */,
				C1DCA3F6248251BF00EF6696 /* View Controllers */,
				60C9E2562481EECE008C95C9 /* LiveChatBrain.swift */,
				60B7A3D72482E2700057086C /* CurrentUserManager.swift */,
				60318F342481180E00C994D3 /* Networking */,
				C17651D0248207630081FB03 /* Fonts */,
				6065E4272481196F0025D4F7 /* Helpers */,
				6034FA86248100A20087BD20 /* SupportingFiles */,
			);
			path = FitLive;
			sourceTree = "<group>";
		};
		672704A7A7A08735464BFDFD /* Pods */ = {
			isa = PBXGroup;
			children = (
				EE6197963E6A7943F6FBA813 /* Pods-FitLive.debug.xcconfig */,
				4F84DE1D67ED251EB1577E1A /* Pods-FitLive.release.xcconfig */,
			);
			path = Pods;
			sourceTree = "<group>";
		};
		C17651D0248207630081FB03 /* Fonts */ = {
			isa = PBXGroup;
			children = (
				C17651D8248208850081FB03 /* Karla-Bold.ttf */,
				C17651D6248208850081FB03 /* Karla-BoldItalic.ttf */,
				C17651D5248208850081FB03 /* Karla-Italic.ttf */,
				C17651D7248208850081FB03 /* Karla-Regular.ttf */,
				60B7A3DB24830B120057086C /* Fonts.swift */,
			);
			path = Fonts;
			sourceTree = "<group>";
		};
		C1DCA3F6248251BF00EF6696 /* View Controllers */ = {
			isa = PBXGroup;
			children = (
				60B7A3D9248308250057086C /* LandingPage.swift */,
				C1769A1724823C4A00A71DAE /* SignUpViewController.swift */,
				C1769A1524823B3500A71DAE /* LoginViewController.swift */,
				C1DCA3F4248248BA00EF6696 /* FitBudyViewController.swift */,
				C17BFE7524825FEA003BC4E2 /* OtherProfileViewController.swift */,
				C17BFE7324825FD2003BC4E2 /* MyProfileViewController.swift */,
			);
			path = "View Controllers";
			sourceTree = "<group>";
		};
/* End PBXGroup section */

/* Begin PBXNativeTarget section */
		6083600324807C0000BA0CB5 /* FitLive */ = {
			isa = PBXNativeTarget;
			buildConfigurationList = 6083601824807C0200BA0CB5 /* Build configuration list for PBXNativeTarget "FitLive" */;
			buildPhases = (
				40607321FB2AEB60F171154F /* [CP] Check Pods Manifest.lock */,
				6083600024807C0000BA0CB5 /* Sources */,
				6083600124807C0000BA0CB5 /* Frameworks */,
				6083600224807C0000BA0CB5 /* Resources */,
				3B55160C53A18D9CCF2247CC /* [CP] Embed Pods Frameworks */,
			);
			buildRules = (
			);
			dependencies = (
			);
			name = FitLive;
			productName = FitLive;
			productReference = 6083600424807C0000BA0CB5 /* FitLive.app */;
			productType = "com.apple.product-type.application";
		};
/* End PBXNativeTarget section */

/* Begin PBXProject section */
		60835FFC24807C0000BA0CB5 /* Project object */ = {
			isa = PBXProject;
			attributes = {
				LastSwiftUpdateCheck = 1130;
				LastUpgradeCheck = 1130;
				ORGANIZATIONNAME = "Patrick Hanna";
				TargetAttributes = {
					6083600324807C0000BA0CB5 = {
						CreatedOnToolsVersion = 11.3.1;
					};
				};
			};
			buildConfigurationList = 60835FFF24807C0000BA0CB5 /* Build configuration list for PBXProject "FitLive" */;
			compatibilityVersion = "Xcode 9.3";
			developmentRegion = en;
			hasScannedForEncodings = 0;
			knownRegions = (
				en,
				Base,
			);
			mainGroup = 60835FFB24807C0000BA0CB5;
			productRefGroup = 6083600524807C0000BA0CB5 /* Products */;
			projectDirPath = "";
			projectRoot = "";
			targets = (
				6083600324807C0000BA0CB5 /* FitLive */,
			);
		};
/* End PBXProject section */

/* Begin PBXResourcesBuildPhase section */
		6083600224807C0000BA0CB5 /* Resources */ = {
			isa = PBXResourcesBuildPhase;
			buildActionMask = 2147483647;
			files = (
				6083601424807C0200BA0CB5 /* LaunchScreen.storyboard in Resources */,
				603648042482A3F100BE4990 /* GoogleService-Info.plist in Resources */,
				C162449B2481DAD50057B0D5 /* Assets.xcassets in Resources */,
				C17651DA248208850081FB03 /* Karla-BoldItalic.ttf in Resources */,
				C1769A14248224A600A71DAE /* Main.storyboard in Resources */,
				C17651DC248208850081FB03 /* Karla-Bold.ttf in Resources */,
				C17651D9248208850081FB03 /* Karla-Italic.ttf in Resources */,
				C1DCA3FA248252D600EF6696 /* BuddyCell.xib in Resources */,
				C17BFE782482B66C003BC4E2 /* icons8-end-call-50.png in Resources */,
				C17651DB248208850081FB03 /* Karla-Regular.ttf in Resources */,
			);
			runOnlyForDeploymentPostprocessing = 0;
		};
/* End PBXResourcesBuildPhase section */

/* Begin PBXShellScriptBuildPhase section */
		3B55160C53A18D9CCF2247CC /* [CP] Embed Pods Frameworks */ = {
			isa = PBXShellScriptBuildPhase;
			buildActionMask = 2147483647;
			files = (
			);
			inputFileListPaths = (
				"${PODS_ROOT}/Target Support Files/Pods-FitLive/Pods-FitLive-frameworks-${CONFIGURATION}-input-files.xcfilelist",
			);
			name = "[CP] Embed Pods Frameworks";
			outputFileListPaths = (
				"${PODS_ROOT}/Target Support Files/Pods-FitLive/Pods-FitLive-frameworks-${CONFIGURATION}-output-files.xcfilelist",
			);
			runOnlyForDeploymentPostprocessing = 0;
			shellPath = /bin/sh;
			shellScript = "\"${PODS_ROOT}/Target Support Files/Pods-FitLive/Pods-FitLive-frameworks.sh\"\n";
			showEnvVarsInLog = 0;
		};
		40607321FB2AEB60F171154F /* [CP] Check Pods Manifest.lock */ = {
			isa = PBXShellScriptBuildPhase;
			buildActionMask = 2147483647;
			files = (
			);
			inputFileListPaths = (
			);
			inputPaths = (
				"${PODS_PODFILE_DIR_PATH}/Podfile.lock",
				"${PODS_ROOT}/Manifest.lock",
			);
			name = "[CP] Check Pods Manifest.lock";
			outputFileListPaths = (
			);
			outputPaths = (
				"$(DERIVED_FILE_DIR)/Pods-FitLive-checkManifestLockResult.txt",
			);
			runOnlyForDeploymentPostprocessing = 0;
			shellPath = /bin/sh;
			shellScript = "diff \"${PODS_PODFILE_DIR_PATH}/Podfile.lock\" \"${PODS_ROOT}/Manifest.lock\" > /dev/null\nif [ $? != 0 ] ; then\n    # print error to STDERR\n    echo \"error: The sandbox is not in sync with the Podfile.lock. Run 'pod install' or update your CocoaPods installation.\" >&2\n    exit 1\nfi\n# This output is used by Xcode 'outputs' to avoid re-running this script phase.\necho \"SUCCESS\" > \"${SCRIPT_OUTPUT_FILE_0}\"\n";
			showEnvVarsInLog = 0;
		};
/* End PBXShellScriptBuildPhase section */

/* Begin PBXSourcesBuildPhase section */
		6083600024807C0000BA0CB5 /* Sources */ = {
			isa = PBXSourcesBuildPhase;
			buildActionMask = 2147483647;
			files = (
				C1DCA3F9248252D600EF6696 /* BuddyCell.swift in Sources */,
				60B7A3DE24830FC00057086C /* Colors.swift in Sources */,
				C1DCA3F5248248BA00EF6696 /* FitBudyViewController.swift in Sources */,
				C17BFE7424825FD2003BC4E2 /* MyProfileViewController.swift in Sources */,
				C1769A1624823B3500A71DAE /* LoginViewController.swift in Sources */,
				C1DCA3F3248247EC00EF6696 /* FitBuddy.swift in Sources */,
				60318F362481182A00C994D3 /* Networking.swift in Sources */,
				60B7A3DA248308250057086C /* LandingPage.swift in Sources */,
				60B7A3DC24830B120057086C /* Fonts.swift in Sources */,
				60B7A3D82482E2700057086C /* CurrentUserManager.swift in Sources */,
				6065E4262481191D0025D4F7 /* Networking+User.swift in Sources */,
				60C9E2572481EECF008C95C9 /* LiveChatBrain.swift in Sources */,
				C1769A1824823C4A00A71DAE /* SignUpViewController.swift in Sources */,
				6083600824807C0000BA0CB5 /* AppDelegate.swift in Sources */,
				C17BFE7624825FEA003BC4E2 /* OtherProfileViewController.swift in Sources */,
				6065E42E248133950025D4F7 /* Result.swift in Sources */,
				6065E42B248119C10025D4F7 /* General.swift in Sources */,
				60318F382481185600C994D3 /* Networking+Auth.swift in Sources */,
				6065E43024816AF40025D4F7 /* Pins.swift in Sources */,
				603648062482AFC300BE4990 /* Networking+Firebase.swift in Sources */,
				60B7A3D62482D7B10057086C /* Networking+VideoChatAPI.swift in Sources */,
				60C9E2592481F1CF008C95C9 /* UserDefaultsProperty.swift in Sources */,
			);
			runOnlyForDeploymentPostprocessing = 0;
		};
/* End PBXSourcesBuildPhase section */

/* Begin PBXVariantGroup section */
		6083601224807C0200BA0CB5 /* LaunchScreen.storyboard */ = {
			isa = PBXVariantGroup;
			children = (
				6083601324807C0200BA0CB5 /* Base */,
			);
			name = LaunchScreen.storyboard;
			sourceTree = "<group>";
		};
/* End PBXVariantGroup section */

/* Begin XCBuildConfiguration section */
		6083601624807C0200BA0CB5 /* Debug */ = {
			isa = XCBuildConfiguration;
			buildSettings = {
				ALWAYS_SEARCH_USER_PATHS = NO;
				CLANG_ANALYZER_NONNULL = YES;
				CLANG_ANALYZER_NUMBER_OBJECT_CONVERSION = YES_AGGRESSIVE;
				CLANG_CXX_LANGUAGE_STANDARD = "gnu++14";
				CLANG_CXX_LIBRARY = "libc++";
				CLANG_ENABLE_MODULES = YES;
				CLANG_ENABLE_OBJC_ARC = YES;
				CLANG_ENABLE_OBJC_WEAK = YES;
				CLANG_WARN_BLOCK_CAPTURE_AUTORELEASING = YES;
				CLANG_WARN_BOOL_CONVERSION = YES;
				CLANG_WARN_COMMA = YES;
				CLANG_WARN_CONSTANT_CONVERSION = YES;
				CLANG_WARN_DEPRECATED_OBJC_IMPLEMENTATIONS = YES;
				CLANG_WARN_DIRECT_OBJC_ISA_USAGE = YES_ERROR;
				CLANG_WARN_DOCUMENTATION_COMMENTS = YES;
				CLANG_WARN_EMPTY_BODY = YES;
				CLANG_WARN_ENUM_CONVERSION = YES;
				CLANG_WARN_INFINITE_RECURSION = YES;
				CLANG_WARN_INT_CONVERSION = YES;
				CLANG_WARN_NON_LITERAL_NULL_CONVERSION = YES;
				CLANG_WARN_OBJC_IMPLICIT_RETAIN_SELF = YES;
				CLANG_WARN_OBJC_LITERAL_CONVERSION = YES;
				CLANG_WARN_OBJC_ROOT_CLASS = YES_ERROR;
				CLANG_WARN_RANGE_LOOP_ANALYSIS = YES;
				CLANG_WARN_STRICT_PROTOTYPES = YES;
				CLANG_WARN_SUSPICIOUS_MOVE = YES;
				CLANG_WARN_UNGUARDED_AVAILABILITY = YES_AGGRESSIVE;
				CLANG_WARN_UNREACHABLE_CODE = YES;
				CLANG_WARN__DUPLICATE_METHOD_MATCH = YES;
				COPY_PHASE_STRIP = NO;
				DEBUG_INFORMATION_FORMAT = dwarf;
				ENABLE_STRICT_OBJC_MSGSEND = YES;
				ENABLE_TESTABILITY = YES;
				GCC_C_LANGUAGE_STANDARD = gnu11;
				GCC_DYNAMIC_NO_PIC = NO;
				GCC_NO_COMMON_BLOCKS = YES;
				GCC_OPTIMIZATION_LEVEL = 0;
				GCC_PREPROCESSOR_DEFINITIONS = (
					"DEBUG=1",
					"$(inherited)",
				);
				GCC_WARN_64_TO_32_BIT_CONVERSION = YES;
				GCC_WARN_ABOUT_RETURN_TYPE = YES_ERROR;
				GCC_WARN_UNDECLARED_SELECTOR = YES;
				GCC_WARN_UNINITIALIZED_AUTOS = YES_AGGRESSIVE;
				GCC_WARN_UNUSED_FUNCTION = YES;
				GCC_WARN_UNUSED_VARIABLE = YES;
				IPHONEOS_DEPLOYMENT_TARGET = 13.2;
				MTL_ENABLE_DEBUG_INFO = INCLUDE_SOURCE;
				MTL_FAST_MATH = YES;
				ONLY_ACTIVE_ARCH = YES;
				SDKROOT = iphoneos;
				SWIFT_ACTIVE_COMPILATION_CONDITIONS = DEBUG;
				SWIFT_OPTIMIZATION_LEVEL = "-Onone";
			};
			name = Debug;
		};
		6083601724807C0200BA0CB5 /* Release */ = {
			isa = XCBuildConfiguration;
			buildSettings = {
				ALWAYS_SEARCH_USER_PATHS = NO;
				CLANG_ANALYZER_NONNULL = YES;
				CLANG_ANALYZER_NUMBER_OBJECT_CONVERSION = YES_AGGRESSIVE;
				CLANG_CXX_LANGUAGE_STANDARD = "gnu++14";
				CLANG_CXX_LIBRARY = "libc++";
				CLANG_ENABLE_MODULES = YES;
				CLANG_ENABLE_OBJC_ARC = YES;
				CLANG_ENABLE_OBJC_WEAK = YES;
				CLANG_WARN_BLOCK_CAPTURE_AUTORELEASING = YES;
				CLANG_WARN_BOOL_CONVERSION = YES;
				CLANG_WARN_COMMA = YES;
				CLANG_WARN_CONSTANT_CONVERSION = YES;
				CLANG_WARN_DEPRECATED_OBJC_IMPLEMENTATIONS = YES;
				CLANG_WARN_DIRECT_OBJC_ISA_USAGE = YES_ERROR;
				CLANG_WARN_DOCUMENTATION_COMMENTS = YES;
				CLANG_WARN_EMPTY_BODY = YES;
				CLANG_WARN_ENUM_CONVERSION = YES;
				CLANG_WARN_INFINITE_RECURSION = YES;
				CLANG_WARN_INT_CONVERSION = YES;
				CLANG_WARN_NON_LITERAL_NULL_CONVERSION = YES;
				CLANG_WARN_OBJC_IMPLICIT_RETAIN_SELF = YES;
				CLANG_WARN_OBJC_LITERAL_CONVERSION = YES;
				CLANG_WARN_OBJC_ROOT_CLASS = YES_ERROR;
				CLANG_WARN_RANGE_LOOP_ANALYSIS = YES;
				CLANG_WARN_STRICT_PROTOTYPES = YES;
				CLANG_WARN_SUSPICIOUS_MOVE = YES;
				CLANG_WARN_UNGUARDED_AVAILABILITY = YES_AGGRESSIVE;
				CLANG_WARN_UNREACHABLE_CODE = YES;
				CLANG_WARN__DUPLICATE_METHOD_MATCH = YES;
				COPY_PHASE_STRIP = NO;
				DEBUG_INFORMATION_FORMAT = "dwarf-with-dsym";
				ENABLE_NS_ASSERTIONS = NO;
				ENABLE_STRICT_OBJC_MSGSEND = YES;
				GCC_C_LANGUAGE_STANDARD = gnu11;
				GCC_NO_COMMON_BLOCKS = YES;
				GCC_WARN_64_TO_32_BIT_CONVERSION = YES;
				GCC_WARN_ABOUT_RETURN_TYPE = YES_ERROR;
				GCC_WARN_UNDECLARED_SELECTOR = YES;
				GCC_WARN_UNINITIALIZED_AUTOS = YES_AGGRESSIVE;
				GCC_WARN_UNUSED_FUNCTION = YES;
				GCC_WARN_UNUSED_VARIABLE = YES;
				IPHONEOS_DEPLOYMENT_TARGET = 13.2;
				MTL_ENABLE_DEBUG_INFO = NO;
				MTL_FAST_MATH = YES;
				SDKROOT = iphoneos;
				SWIFT_COMPILATION_MODE = wholemodule;
				SWIFT_OPTIMIZATION_LEVEL = "-O";
				VALIDATE_PRODUCT = YES;
			};
			name = Release;
		};
		6083601924807C0200BA0CB5 /* Debug */ = {
			isa = XCBuildConfiguration;
			baseConfigurationReference = EE6197963E6A7943F6FBA813 /* Pods-FitLive.debug.xcconfig */;
			buildSettings = {
				ASSETCATALOG_COMPILER_APPICON_NAME = AppIcon;
				CODE_SIGN_STYLE = Automatic;
				DEVELOPMENT_TEAM = N44KF5BXBU;
				INFOPLIST_FILE = "$(SRCROOT)/FitLive/SupportingFiles/Info.plist";
				LD_RUNPATH_SEARCH_PATHS = (
					"$(inherited)",
					"@executable_path/Frameworks",
				);
				PRODUCT_BUNDLE_IDENTIFIER = "com.patrick.livestream-test.FitLive";
				PRODUCT_NAME = "$(TARGET_NAME)";
				SWIFT_VERSION = 5.0;
				TARGETED_DEVICE_FAMILY = 1;
			};
			name = Debug;
		};
		6083601A24807C0200BA0CB5 /* Release */ = {
			isa = XCBuildConfiguration;
			baseConfigurationReference = 4F84DE1D67ED251EB1577E1A /* Pods-FitLive.release.xcconfig */;
			buildSettings = {
				ASSETCATALOG_COMPILER_APPICON_NAME = AppIcon;
				CODE_SIGN_STYLE = Automatic;
				DEVELOPMENT_TEAM = N44KF5BXBU;
				INFOPLIST_FILE = "$(SRCROOT)/FitLive/SupportingFiles/Info.plist";
				LD_RUNPATH_SEARCH_PATHS = (
					"$(inherited)",
					"@executable_path/Frameworks",
				);
				PRODUCT_BUNDLE_IDENTIFIER = "com.patrick.livestream-test.FitLive";
				PRODUCT_NAME = "$(TARGET_NAME)";
				SWIFT_VERSION = 5.0;
				TARGETED_DEVICE_FAMILY = 1;
			};
			name = Release;
		};
/* End XCBuildConfiguration section */

/* Begin XCConfigurationList section */
		60835FFF24807C0000BA0CB5 /* Build configuration list for PBXProject "FitLive" */ = {
			isa = XCConfigurationList;
			buildConfigurations = (
				6083601624807C0200BA0CB5 /* Debug */,
				6083601724807C0200BA0CB5 /* Release */,
			);
			defaultConfigurationIsVisible = 0;
			defaultConfigurationName = Release;
		};
		6083601824807C0200BA0CB5 /* Build configuration list for PBXNativeTarget "FitLive" */ = {
			isa = XCConfigurationList;
			buildConfigurations = (
				6083601924807C0200BA0CB5 /* Debug */,
				6083601A24807C0200BA0CB5 /* Release */,
			);
			defaultConfigurationIsVisible = 0;
			defaultConfigurationName = Release;
		};
/* End XCConfigurationList section */
	};
	rootObject = 60835FFC24807C0000BA0CB5 /* Project object */;
}
